// !$*UTF8*$!
{
	archiveVersion = 1;
	classes = {
	};
	objectVersion = 48;
	objects = {

/* Begin PBXBuildFile section */
		1336DB0E1FBC8BCB00595E63 /* PageCollectionViewLayout.swift in Sources */ = {isa = PBXBuildFile; fileRef = 1336DB0D1FBC8BCB00595E63 /* PageCollectionViewLayout.swift */; };
		1346D9601FBD419800B288A4 /* QHSohuGifSort.plist in Resources */ = {isa = PBXBuildFile; fileRef = 1346D95E1FBD419800B288A4 /* QHSohuGifSort.plist */; };
		1346D9611FBD419800B288A4 /* QHNormalEmotionSort.plist in Resources */ = {isa = PBXBuildFile; fileRef = 1346D95F1FBD419800B288A4 /* QHNormalEmotionSort.plist */; };
		1346D9631FBD421C00B288A4 /* PageCollectionView.swift in Sources */ = {isa = PBXBuildFile; fileRef = 1346D9621FBD421C00B288A4 /* PageCollectionView.swift */; };
		1346D9651FBD427E00B288A4 /* ChatToolsView.swift in Sources */ = {isa = PBXBuildFile; fileRef = 1346D9641FBD427E00B288A4 /* ChatToolsView.swift */; };
		1346D9671FBD428B00B288A4 /* ChatToolsView.xib in Resources */ = {isa = PBXBuildFile; fileRef = 1346D9661FBD428B00B288A4 /* ChatToolsView.xib */; };
		1346D96B1FBD447300B288A4 /* EmoticonViewCell.swift in Sources */ = {isa = PBXBuildFile; fileRef = 1346D9691FBD447300B288A4 /* EmoticonViewCell.swift */; };
		1346D96C1FBD447300B288A4 /* EmoticonViewCell.xib in Resources */ = {isa = PBXBuildFile; fileRef = 1346D96A1FBD447300B288A4 /* EmoticonViewCell.xib */; };
		1346D9901FBD747B00B288A4 /* EmoticonView.swift in Sources */ = {isa = PBXBuildFile; fileRef = 1346D98F1FBD747B00B288A4 /* EmoticonView.swift */; };
		1346D9921FBD759500B288A4 /* Emoticon.swift in Sources */ = {isa = PBXBuildFile; fileRef = 1346D9911FBD759500B288A4 /* Emoticon.swift */; };
		1346D9941FBD761300B288A4 /* EnmticonPackage.swift in Sources */ = {isa = PBXBuildFile; fileRef = 1346D9931FBD761300B288A4 /* EnmticonPackage.swift */; };
		1346D9971FBD782000B288A4 /* EmoticonViewModel.swift in Sources */ = {isa = PBXBuildFile; fileRef = 1346D9961FBD782000B288A4 /* EmoticonViewModel.swift */; };
		134AD5911FB57D630040DEAE /* RoomViewController.swift in Sources */ = {isa = PBXBuildFile; fileRef = 134AD5901FB57D630040DEAE /* RoomViewController.swift */; };
		134AD5931FB57D7A0040DEAE /* RoomViewController.xib in Resources */ = {isa = PBXBuildFile; fileRef = 134AD5921FB57D7A0040DEAE /* RoomViewController.xib */; };
		134F6EB41FA5AA0C007B449D /* AppDelegate.swift in Sources */ = {isa = PBXBuildFile; fileRef = 134F6EB31FA5AA0C007B449D /* AppDelegate.swift */; };
		134F6EB61FA5AA0C007B449D /* ViewController.swift in Sources */ = {isa = PBXBuildFile; fileRef = 134F6EB51FA5AA0C007B449D /* ViewController.swift */; };
		134F6EB91FA5AA0C007B449D /* Main.storyboard in Resources */ = {isa = PBXBuildFile; fileRef = 134F6EB71FA5AA0C007B449D /* Main.storyboard */; };
		134F6EBB1FA5AA0C007B449D /* Assets.xcassets in Resources */ = {isa = PBXBuildFile; fileRef = 134F6EBA1FA5AA0C007B449D /* Assets.xcassets */; };
		134F6EBE1FA5AA0C007B449D /* LaunchScreen.storyboard in Resources */ = {isa = PBXBuildFile; fileRef = 134F6EBC1FA5AA0C007B449D /* LaunchScreen.storyboard */; };
		134F6ED21FA5B016007B449D /* Home.storyboard in Resources */ = {isa = PBXBuildFile; fileRef = 134F6ED01FA5B016007B449D /* Home.storyboard */; };
		134F6ED41FA5B034007B449D /* Rank.storyboard in Resources */ = {isa = PBXBuildFile; fileRef = 134F6ED31FA5B034007B449D /* Rank.storyboard */; };
		134F6ED71FA5B062007B449D /* Discover.storyboard in Resources */ = {isa = PBXBuildFile; fileRef = 134F6ED51FA5B062007B449D /* Discover.storyboard */; };
		1352E9D81FAD8A55004DFA15 /* NetWorkTools.swift in Sources */ = {isa = PBXBuildFile; fileRef = 1352E9D71FAD8A55004DFA15 /* NetWorkTools.swift */; };
		1352E9DA1FAD8A78004DFA15 /* KingfisherExtension.swift in Sources */ = {isa = PBXBuildFile; fileRef = 1352E9D91FAD8A78004DFA15 /* KingfisherExtension.swift */; };
		1352E9DC1FAD8E62004DFA15 /* HomeViewModel.swift in Sources */ = {isa = PBXBuildFile; fileRef = 1352E9DB1FAD8E62004DFA15 /* HomeViewModel.swift */; };
		136175B01FAEB48900EE2B3E /* AnchorViewController.swift in Sources */ = {isa = PBXBuildFile; fileRef = 136175AF1FAEB48900EE2B3E /* AnchorViewController.swift */; };
		136175B31FAEB8F100EE2B3E /* HomeViewCell.swift in Sources */ = {isa = PBXBuildFile; fileRef = 136175B11FAEB8F100EE2B3E /* HomeViewCell.swift */; };
		136175B41FAEB8F100EE2B3E /* HomeViewCell.xib in Resources */ = {isa = PBXBuildFile; fileRef = 136175B21FAEB8F100EE2B3E /* HomeViewCell.xib */; };
		136175B71FAEC64100EE2B3E /* types.plist in Resources */ = {isa = PBXBuildFile; fileRef = 136175B61FAEC64100EE2B3E /* types.plist */; };
		137F23981FB7072400C779EB /* EmitterAnimation.swift in Sources */ = {isa = PBXBuildFile; fileRef = 137F23971FB7072400C779EB /* EmitterAnimation.swift */; };
		1388B2361FBDE7D200DF7E3C /* GiftListView.swift in Sources */ = {isa = PBXBuildFile; fileRef = 1388B2351FBDE7D200DF7E3C /* GiftListView.swift */; };
		1388B2381FBDE88B00DF7E3C /* GiftListView.xib in Resources */ = {isa = PBXBuildFile; fileRef = 1388B2371FBDE88B00DF7E3C /* GiftListView.xib */; };
		1399557B1FB744C60031AFF4 /* NibLoadable.swift in Sources */ = {isa = PBXBuildFile; fileRef = 1399557A1FB744C60031AFF4 /* NibLoadable.swift */; };
		13CE3DC01FAC5EC40049D1AB /* ContenerView.swift in Sources */ = {isa = PBXBuildFile; fileRef = 13CE3DBC1FAC5EC40049D1AB /* ContenerView.swift */; };
		13CE3DC11FAC5EC40049D1AB /* ContentView.swift in Sources */ = {isa = PBXBuildFile; fileRef = 13CE3DBD1FAC5EC40049D1AB /* ContentView.swift */; };
		13CE3DC21FAC5EC40049D1AB /* TitleStyle.swift in Sources */ = {isa = PBXBuildFile; fileRef = 13CE3DBE1FAC5EC40049D1AB /* TitleStyle.swift */; };
		13CE3DC31FAC5EC40049D1AB /* TitleView.swift in Sources */ = {isa = PBXBuildFile; fileRef = 13CE3DBF1FAC5EC40049D1AB /* TitleView.swift */; };
		13CE3DC61FAC5EF60049D1AB /* WaterfallLayout.swift in Sources */ = {isa = PBXBuildFile; fileRef = 13CE3DC51FAC5EF60049D1AB /* WaterfallLayout.swift */; };
		13CE3DCC1FAC69780049D1AB /* File.swift in Sources */ = {isa = PBXBuildFile; fileRef = 13CE3DCB1FAC69780049D1AB /* File.swift */; };
		13CE3DCF1FAC6A6C0049D1AB /* NSDate+Extention.swift in Sources */ = {isa = PBXBuildFile; fileRef = 13CE3DCE1FAC6A6C0049D1AB /* NSDate+Extention.swift */; };
		13CE3DE31FAC7F110049D1AB /* HomeType.swift in Sources */ = {isa = PBXBuildFile; fileRef = 13CE3DE21FAC7F110049D1AB /* HomeType.swift */; };
		13CE3DE61FAC7F2F0049D1AB /* BaseModel.swift in Sources */ = {isa = PBXBuildFile; fileRef = 13CE3DE51FAC7F2F0049D1AB /* BaseModel.swift */; };
		13CE3DE81FAC7F4E0049D1AB /* AnchorModel.swift in Sources */ = {isa = PBXBuildFile; fileRef = 13CE3DE71FAC7F4E0049D1AB /* AnchorModel.swift */; };
		13E321871FA5BB800094AF4C /* MainViewController.swift in Sources */ = {isa = PBXBuildFile; fileRef = 13E321861FA5BB800094AF4C /* MainViewController.swift */; };
		13F0834A1FBDF2B900AD358C /* GiftViewModel.swift in Sources */ = {isa = PBXBuildFile; fileRef = 13F083491FBDF2B900AD358C /* GiftViewModel.swift */; };
		13F0834C1FBDF2E600AD358C /* GiftModel.swift in Sources */ = {isa = PBXBuildFile; fileRef = 13F0834B1FBDF2E600AD358C /* GiftModel.swift */; };
		13F0834E1FBDF30200AD358C /* GiftPackage.swift in Sources */ = {isa = PBXBuildFile; fileRef = 13F0834D1FBDF30200AD358C /* GiftPackage.swift */; };
		13F083511FBDFE8200AD358C /* GiftViewCell.swift in Sources */ = {isa = PBXBuildFile; fileRef = 13F0834F1FBDFE8200AD358C /* GiftViewCell.swift */; };
		13F083521FBDFE8200AD358C /* GiftViewCell.xib in Resources */ = {isa = PBXBuildFile; fileRef = 13F083501FBDFE8200AD358C /* GiftViewCell.xib */; };
		13FD8B301FA6CFAA00227847 /* Profile.storyboard in Resources */ = {isa = PBXBuildFile; fileRef = 13FD8B2E1FA6CFAA00227847 /* Profile.storyboard */; };
		13FD8B321FA6D0F700227847 /* HomeViewController.swift in Sources */ = {isa = PBXBuildFile; fileRef = 13FD8B311FA6D0F700227847 /* HomeViewController.swift */; };
		13FD8B341FA6D19F00227847 /* RankViewController.swift in Sources */ = {isa = PBXBuildFile; fileRef = 13FD8B331FA6D19F00227847 /* RankViewController.swift */; };
		13FD8B361FA6D1C900227847 /* DiscoverViewController.swift in Sources */ = {isa = PBXBuildFile; fileRef = 13FD8B351FA6D1C900227847 /* DiscoverViewController.swift */; };
		13FD8B381FA6D20900227847 /* BRNavigationController.swift in Sources */ = {isa = PBXBuildFile; fileRef = 13FD8B371FA6D20900227847 /* BRNavigationController.swift */; };
		13FD8B3B1FA6D92E00227847 /* UIColor+Extension.swift in Sources */ = {isa = PBXBuildFile; fileRef = 13FD8B3A1FA6D92E00227847 /* UIColor+Extension.swift */; };
		AF0085D78A40AFF7EDF92D9F /* Pods_ZBLX.framework in Frameworks */ = {isa = PBXBuildFile; fileRef = 03D332F555614B3289B8A151 /* Pods_ZBLX.framework */; };
/* End PBXBuildFile section */

/* Begin PBXFileReference section */
		0036FFFF3897BB731FA305F0 /* Pods-ZBLX.release.xcconfig */ = {isa = PBXFileReference; includeInIndex = 1; lastKnownFileType = text.xcconfig; name = "Pods-ZBLX.release.xcconfig"; path = "Pods/Target Support Files/Pods-ZBLX/Pods-ZBLX.release.xcconfig"; sourceTree = "<group>"; };
		03D332F555614B3289B8A151 /* Pods_ZBLX.framework */ = {isa = PBXFileReference; explicitFileType = wrapper.framework; includeInIndex = 0; path = Pods_ZBLX.framework; sourceTree = BUILT_PRODUCTS_DIR; };
		1336DB0D1FBC8BCB00595E63 /* PageCollectionViewLayout.swift */ = {isa = PBXFileReference; fileEncoding = 4; lastKnownFileType = sourcecode.swift; path = PageCollectionViewLayout.swift; sourceTree = "<group>"; };
		1346D95E1FBD419800B288A4 /* QHSohuGifSort.plist */ = {isa = PBXFileReference; lastKnownFileType = file.bplist; path = QHSohuGifSort.plist; sourceTree = "<group>"; };
		1346D95F1FBD419800B288A4 /* QHNormalEmotionSort.plist */ = {isa = PBXFileReference; lastKnownFileType = file.bplist; path = QHNormalEmotionSort.plist; sourceTree = "<group>"; };
		1346D9621FBD421C00B288A4 /* PageCollectionView.swift */ = {isa = PBXFileReference; fileEncoding = 4; lastKnownFileType = sourcecode.swift; path = PageCollectionView.swift; sourceTree = "<group>"; };
		1346D9641FBD427E00B288A4 /* ChatToolsView.swift */ = {isa = PBXFileReference; lastKnownFileType = sourcecode.swift; path = ChatToolsView.swift; sourceTree = "<group>"; };
		1346D9661FBD428B00B288A4 /* ChatToolsView.xib */ = {isa = PBXFileReference; lastKnownFileType = file.xib; path = ChatToolsView.xib; sourceTree = "<group>"; };
		1346D9691FBD447300B288A4 /* EmoticonViewCell.swift */ = {isa = PBXFileReference; lastKnownFileType = sourcecode.swift; path = EmoticonViewCell.swift; sourceTree = "<group>"; };
		1346D96A1FBD447300B288A4 /* EmoticonViewCell.xib */ = {isa = PBXFileReference; lastKnownFileType = file.xib; path = EmoticonViewCell.xib; sourceTree = "<group>"; };
		1346D98F1FBD747B00B288A4 /* EmoticonView.swift */ = {isa = PBXFileReference; fileEncoding = 4; lastKnownFileType = sourcecode.swift; path = EmoticonView.swift; sourceTree = "<group>"; };
		1346D9911FBD759500B288A4 /* Emoticon.swift */ = {isa = PBXFileReference; lastKnownFileType = sourcecode.swift; path = Emoticon.swift; sourceTree = "<group>"; };
		1346D9931FBD761300B288A4 /* EnmticonPackage.swift */ = {isa = PBXFileReference; lastKnownFileType = sourcecode.swift; path = EnmticonPackage.swift; sourceTree = "<group>"; };
		1346D9961FBD782000B288A4 /* EmoticonViewModel.swift */ = {isa = PBXFileReference; lastKnownFileType = sourcecode.swift; path = EmoticonViewModel.swift; sourceTree = "<group>"; };
		134AD5901FB57D630040DEAE /* RoomViewController.swift */ = {isa = PBXFileReference; lastKnownFileType = sourcecode.swift; path = RoomViewController.swift; sourceTree = "<group>"; };
		134AD5921FB57D7A0040DEAE /* RoomViewController.xib */ = {isa = PBXFileReference; lastKnownFileType = file.xib; path = RoomViewController.xib; sourceTree = "<group>"; };
		134F6EB01FA5AA0C007B449D /* ZBLX.app */ = {isa = PBXFileReference; explicitFileType = wrapper.application; includeInIndex = 0; path = ZBLX.app; sourceTree = BUILT_PRODUCTS_DIR; };
		134F6EB31FA5AA0C007B449D /* AppDelegate.swift */ = {isa = PBXFileReference; lastKnownFileType = sourcecode.swift; path = AppDelegate.swift; sourceTree = "<group>"; };
		134F6EB51FA5AA0C007B449D /* ViewController.swift */ = {isa = PBXFileReference; lastKnownFileType = sourcecode.swift; path = ViewController.swift; sourceTree = "<group>"; };
		134F6EB81FA5AA0C007B449D /* Base */ = {isa = PBXFileReference; lastKnownFileType = file.storyboard; name = Base; path = Base.lproj/Main.storyboard; sourceTree = "<group>"; };
		134F6EBA1FA5AA0C007B449D /* Assets.xcassets */ = {isa = PBXFileReference; lastKnownFileType = folder.assetcatalog; path = Assets.xcassets; sourceTree = "<group>"; };
		134F6EBD1FA5AA0C007B449D /* Base */ = {isa = PBXFileReference; lastKnownFileType = file.storyboard; name = Base; path = Base.lproj/LaunchScreen.storyboard; sourceTree = "<group>"; };
		134F6EBF1FA5AA0C007B449D /* Info.plist */ = {isa = PBXFileReference; lastKnownFileType = text.plist.xml; path = Info.plist; sourceTree = "<group>"; };
		134F6ED11FA5B016007B449D /* Base */ = {isa = PBXFileReference; lastKnownFileType = file.storyboard; name = Base; path = ZBLX/Class/Base.lproj/Home.storyboard; sourceTree = "<group>"; };
		134F6ED31FA5B034007B449D /* Rank.storyboard */ = {isa = PBXFileReference; fileEncoding = 4; lastKnownFileType = file.storyboard; path = Rank.storyboard; sourceTree = "<group>"; };
		134F6ED61FA5B062007B449D /* Base */ = {isa = PBXFileReference; lastKnownFileType = file.storyboard; name = Base; path = ZBLX/Class/Base.lproj/Discover.storyboard; sourceTree = "<group>"; };
		1352E9D71FAD8A55004DFA15 /* NetWorkTools.swift */ = {isa = PBXFileReference; lastKnownFileType = sourcecode.swift; path = NetWorkTools.swift; sourceTree = "<group>"; };
		1352E9D91FAD8A78004DFA15 /* KingfisherExtension.swift */ = {isa = PBXFileReference; lastKnownFileType = sourcecode.swift; path = KingfisherExtension.swift; sourceTree = "<group>"; };
		1352E9DB1FAD8E62004DFA15 /* HomeViewModel.swift */ = {isa = PBXFileReference; lastKnownFileType = sourcecode.swift; path = HomeViewModel.swift; sourceTree = "<group>"; };
		136175AF1FAEB48900EE2B3E /* AnchorViewController.swift */ = {isa = PBXFileReference; lastKnownFileType = sourcecode.swift; path = AnchorViewController.swift; sourceTree = "<group>"; };
		136175B11FAEB8F100EE2B3E /* HomeViewCell.swift */ = {isa = PBXFileReference; lastKnownFileType = sourcecode.swift; path = HomeViewCell.swift; sourceTree = "<group>"; };
		136175B21FAEB8F100EE2B3E /* HomeViewCell.xib */ = {isa = PBXFileReference; lastKnownFileType = file.xib; path = HomeViewCell.xib; sourceTree = "<group>"; };
		136175B61FAEC64100EE2B3E /* types.plist */ = {isa = PBXFileReference; fileEncoding = 4; lastKnownFileType = text.plist.xml; path = types.plist; sourceTree = "<group>"; };
		137F23971FB7072400C779EB /* EmitterAnimation.swift */ = {isa = PBXFileReference; lastKnownFileType = sourcecode.swift; path = EmitterAnimation.swift; sourceTree = "<group>"; };
		1388B2351FBDE7D200DF7E3C /* GiftListView.swift */ = {isa = PBXFileReference; lastKnownFileType = sourcecode.swift; path = GiftListView.swift; sourceTree = "<group>"; };
		1388B2371FBDE88B00DF7E3C /* GiftListView.xib */ = {isa = PBXFileReference; lastKnownFileType = file.xib; path = GiftListView.xib; sourceTree = "<group>"; };
		1399557A1FB744C60031AFF4 /* NibLoadable.swift */ = {isa = PBXFileReference; lastKnownFileType = sourcecode.swift; path = NibLoadable.swift; sourceTree = "<group>"; };
		13CE3DBC1FAC5EC40049D1AB /* ContenerView.swift */ = {isa = PBXFileReference; fileEncoding = 4; lastKnownFileType = sourcecode.swift; path = ContenerView.swift; sourceTree = "<group>"; };
		13CE3DBD1FAC5EC40049D1AB /* ContentView.swift */ = {isa = PBXFileReference; fileEncoding = 4; lastKnownFileType = sourcecode.swift; path = ContentView.swift; sourceTree = "<group>"; };
		13CE3DBE1FAC5EC40049D1AB /* TitleStyle.swift */ = {isa = PBXFileReference; fileEncoding = 4; lastKnownFileType = sourcecode.swift; path = TitleStyle.swift; sourceTree = "<group>"; };
		13CE3DBF1FAC5EC40049D1AB /* TitleView.swift */ = {isa = PBXFileReference; fileEncoding = 4; lastKnownFileType = sourcecode.swift; path = TitleView.swift; sourceTree = "<group>"; };
		13CE3DC51FAC5EF60049D1AB /* WaterfallLayout.swift */ = {isa = PBXFileReference; fileEncoding = 4; lastKnownFileType = sourcecode.swift; path = WaterfallLayout.swift; sourceTree = "<group>"; };
		13CE3DCB1FAC69780049D1AB /* File.swift */ = {isa = PBXFileReference; lastKnownFileType = sourcecode.swift; path = File.swift; sourceTree = "<group>"; };
		13CE3DCE1FAC6A6C0049D1AB /* NSDate+Extention.swift */ = {isa = PBXFileReference; lastKnownFileType = sourcecode.swift; path = "NSDate+Extention.swift"; sourceTree = "<group>"; };
		13CE3DE21FAC7F110049D1AB /* HomeType.swift */ = {isa = PBXFileReference; lastKnownFileType = sourcecode.swift; path = HomeType.swift; sourceTree = "<group>"; };
		13CE3DE51FAC7F2F0049D1AB /* BaseModel.swift */ = {isa = PBXFileReference; fileEncoding = 4; lastKnownFileType = sourcecode.swift; path = BaseModel.swift; sourceTree = "<group>"; };
		13CE3DE71FAC7F4E0049D1AB /* AnchorModel.swift */ = {isa = PBXFileReference; fileEncoding = 4; lastKnownFileType = sourcecode.swift; path = AnchorModel.swift; sourceTree = "<group>"; };
		13E321861FA5BB800094AF4C /* MainViewController.swift */ = {isa = PBXFileReference; lastKnownFileType = sourcecode.swift; path = MainViewController.swift; sourceTree = "<group>"; };
		13F083491FBDF2B900AD358C /* GiftViewModel.swift */ = {isa = PBXFileReference; lastKnownFileType = sourcecode.swift; path = GiftViewModel.swift; sourceTree = "<group>"; };
		13F0834B1FBDF2E600AD358C /* GiftModel.swift */ = {isa = PBXFileReference; lastKnownFileType = sourcecode.swift; path = GiftModel.swift; sourceTree = "<group>"; };
		13F0834D1FBDF30200AD358C /* GiftPackage.swift */ = {isa = PBXFileReference; lastKnownFileType = sourcecode.swift; path = GiftPackage.swift; sourceTree = "<group>"; };
		13F0834F1FBDFE8200AD358C /* GiftViewCell.swift */ = {isa = PBXFileReference; lastKnownFileType = sourcecode.swift; path = GiftViewCell.swift; sourceTree = "<group>"; };
		13F083501FBDFE8200AD358C /* GiftViewCell.xib */ = {isa = PBXFileReference; lastKnownFileType = file.xib; path = GiftViewCell.xib; sourceTree = "<group>"; };
		13FD8B2F1FA6CFAA00227847 /* Base */ = {isa = PBXFileReference; lastKnownFileType = file.storyboard; name = Base; path = ZBLX/Class/Main/Base.lproj/Profile.storyboard; sourceTree = "<group>"; };
		13FD8B311FA6D0F700227847 /* HomeViewController.swift */ = {isa = PBXFileReference; lastKnownFileType = sourcecode.swift; path = HomeViewController.swift; sourceTree = "<group>"; };
		13FD8B331FA6D19F00227847 /* RankViewController.swift */ = {isa = PBXFileReference; lastKnownFileType = sourcecode.swift; path = RankViewController.swift; sourceTree = "<group>"; };
		13FD8B351FA6D1C900227847 /* DiscoverViewController.swift */ = {isa = PBXFileReference; lastKnownFileType = sourcecode.swift; path = DiscoverViewController.swift; sourceTree = "<group>"; };
		13FD8B371FA6D20900227847 /* BRNavigationController.swift */ = {isa = PBXFileReference; lastKnownFileType = sourcecode.swift; path = BRNavigationController.swift; sourceTree = "<group>"; };
		13FD8B3A1FA6D92E00227847 /* UIColor+Extension.swift */ = {isa = PBXFileReference; lastKnownFileType = sourcecode.swift; path = "UIColor+Extension.swift"; sourceTree = "<group>"; };
		811CB357880C6F5EB087882A /* Pods-ZBLX.debug.xcconfig */ = {isa = PBXFileReference; includeInIndex = 1; lastKnownFileType = text.xcconfig; name = "Pods-ZBLX.debug.xcconfig"; path = "Pods/Target Support Files/Pods-ZBLX/Pods-ZBLX.debug.xcconfig"; sourceTree = "<group>"; };
/* End PBXFileReference section */

/* Begin PBXFrameworksBuildPhase section */
		134F6EAD1FA5AA0C007B449D /* Frameworks */ = {
			isa = PBXFrameworksBuildPhase;
			buildActionMask = 2147483647;
			files = (
				AF0085D78A40AFF7EDF92D9F /* Pods_ZBLX.framework in Frameworks */,
			);
			runOnlyForDeploymentPostprocessing = 0;
		};
/* End PBXFrameworksBuildPhase section */

/* Begin PBXGroup section */
		097312F78E3D865D1BFFB8AB /* Pods */ = {
			isa = PBXGroup;
			children = (
				811CB357880C6F5EB087882A /* Pods-ZBLX.debug.xcconfig */,
				0036FFFF3897BB731FA305F0 /* Pods-ZBLX.release.xcconfig */,
			);
			name = Pods;
			sourceTree = "<group>";
		};
		1346D9681FBD42C800B288A4 /* ChatToolsView */ = {
			isa = PBXGroup;
			children = (
				1346D9641FBD427E00B288A4 /* ChatToolsView.swift */,
				1346D9661FBD428B00B288A4 /* ChatToolsView.xib */,
				1346D9691FBD447300B288A4 /* EmoticonViewCell.swift */,
				1346D96A1FBD447300B288A4 /* EmoticonViewCell.xib */,
				1346D98F1FBD747B00B288A4 /* EmoticonView.swift */,
			);
			path = ChatToolsView;
			sourceTree = "<group>";
		};
		1346D9951FBD780D00B288A4 /* ViewModel */ = {
			isa = PBXGroup;
			children = (
				1346D9961FBD782000B288A4 /* EmoticonViewModel.swift */,
				13F083491FBDF2B900AD358C /* GiftViewModel.swift */,
			);
			path = ViewModel;
			sourceTree = "<group>";
		};
		134AD58C1FB57D270040DEAE /* Live */ = {
			isa = PBXGroup;
			children = (
				1346D9951FBD780D00B288A4 /* ViewModel */,
				134AD58F1FB57D500040DEAE /* Model */,
				134AD58E1FB57D4B0040DEAE /* View */,
				134AD58D1FB57D3B0040DEAE /* Controller */,
			);
			path = Live;
			sourceTree = "<group>";
		};
		134AD58D1FB57D3B0040DEAE /* Controller */ = {
			isa = PBXGroup;
			children = (
				134AD5901FB57D630040DEAE /* RoomViewController.swift */,
				134AD5921FB57D7A0040DEAE /* RoomViewController.xib */,
			);
			path = Controller;
			sourceTree = "<group>";
		};
		134AD58E1FB57D4B0040DEAE /* View */ = {
			isa = PBXGroup;
			children = (
				1388B2341FBDE75E00DF7E3C /* GiftView */,
				1346D9681FBD42C800B288A4 /* ChatToolsView */,
			);
			path = View;
			sourceTree = "<group>";
		};
		134AD58F1FB57D500040DEAE /* Model */ = {
			isa = PBXGroup;
			children = (
				1346D9911FBD759500B288A4 /* Emoticon.swift */,
				1346D9931FBD761300B288A4 /* EnmticonPackage.swift */,
				13F0834B1FBDF2E600AD358C /* GiftModel.swift */,
				13F0834D1FBDF30200AD358C /* GiftPackage.swift */,
			);
			path = Model;
			sourceTree = "<group>";
		};
		134F6EA71FA5AA0C007B449D = {
			isa = PBXGroup;
			children = (
				134F6EB21FA5AA0C007B449D /* ZBLX */,
				134F6EB11FA5AA0C007B449D /* Products */,
				097312F78E3D865D1BFFB8AB /* Pods */,
				BE0E7464B23F7F250D5E5CBB /* Frameworks */,
			);
			sourceTree = "<group>";
		};
		134F6EB11FA5AA0C007B449D /* Products */ = {
			isa = PBXGroup;
			children = (
				134F6EB01FA5AA0C007B449D /* ZBLX.app */,
			);
			name = Products;
			sourceTree = "<group>";
		};
		134F6EB21FA5AA0C007B449D /* ZBLX */ = {
			isa = PBXGroup;
			children = (
				136175B51FAEC62600EE2B3E /* Resource */,
				134F6EC51FA5AADC007B449D /* Class */,
				134F6EB31FA5AA0C007B449D /* AppDelegate.swift */,
				134F6EB51FA5AA0C007B449D /* ViewController.swift */,
				134F6EBA1FA5AA0C007B449D /* Assets.xcassets */,
				134F6EBC1FA5AA0C007B449D /* LaunchScreen.storyboard */,
				134F6EBF1FA5AA0C007B449D /* Info.plist */,
			);
			path = ZBLX;
			sourceTree = "<group>";
		};
		134F6EC51FA5AADC007B449D /* Class */ = {
			isa = PBXGroup;
			children = (
				137F23961FB706EC00C779EB /* Protocol */,
				134AD58C1FB57D270040DEAE /* Live */,
				134F6ECC1FA5AB64007B449D /* Base */,
				134F6ECD1FA5AB64007B449D /* Main */,
				134F6ECE1FA5AB64007B449D /* Home */,
				134F6ECF1FA5AB64007B449D /* Rank */,
				134F6EDA1FA5B0D9007B449D /* Discaver */,
				134F6ECB1FA5AB64007B449D /* Profile */,
				1352E9D61FAD8A15004DFA15 /* HTTPTool */,
			);
			path = Class;
			sourceTree = "<group>";
		};
		134F6ECB1FA5AB64007B449D /* Profile */ = {
			isa = PBXGroup;
			children = (
				13FD8B2E1FA6CFAA00227847 /* Profile.storyboard */,
			);
			path = Profile;
			sourceTree = "<group>";
		};
		134F6ECC1FA5AB64007B449D /* Base */ = {
			isa = PBXGroup;
			children = (
				13CE3DE41FAC7F2F0049D1AB /* Model */,
			);
			path = Base;
			sourceTree = "<group>";
		};
		134F6ECD1FA5AB64007B449D /* Main */ = {
			isa = PBXGroup;
			children = (
				13CE3DCD1FAC69F10049D1AB /* Controller */,
				13FD8B391FA6D8E900227847 /* Extension */,
				13CE3DCA1FAC69460049D1AB /* Common */,
				13CE3DBB1FAC5EC40049D1AB /* SwiftPageView */,
			);
			path = Main;
			sourceTree = "<group>";
		};
		134F6ECE1FA5AB64007B449D /* Home */ = {
			isa = PBXGroup;
			children = (
				13CE3DE11FAC7EE80049D1AB /* Model */,
				13CE3DC91FAC5F150049D1AB /* View */,
				13CE3DC71FAC5F020049D1AB /* Controller */,
				13CE3DC41FAC5EDC0049D1AB /* Other */,
			);
			path = Home;
			sourceTree = "<group>";
		};
		134F6ECF1FA5AB64007B449D /* Rank */ = {
			isa = PBXGroup;
			children = (
				134F6ED31FA5B034007B449D /* Rank.storyboard */,
				13FD8B331FA6D19F00227847 /* RankViewController.swift */,
			);
			path = Rank;
			sourceTree = "<group>";
		};
		134F6EDA1FA5B0D9007B449D /* Discaver */ = {
			isa = PBXGroup;
			children = (
				134F6ED51FA5B062007B449D /* Discover.storyboard */,
				13FD8B351FA6D1C900227847 /* DiscoverViewController.swift */,
			);
			path = Discaver;
			sourceTree = "<group>";
		};
		1352E9D61FAD8A15004DFA15 /* HTTPTool */ = {
			isa = PBXGroup;
			children = (
				1352E9D71FAD8A55004DFA15 /* NetWorkTools.swift */,
				1352E9D91FAD8A78004DFA15 /* KingfisherExtension.swift */,
			);
			path = HTTPTool;
			sourceTree = "<group>";
		};
		136175B51FAEC62600EE2B3E /* Resource */ = {
			isa = PBXGroup;
			children = (
				1346D95F1FBD419800B288A4 /* QHNormalEmotionSort.plist */,
				1346D95E1FBD419800B288A4 /* QHSohuGifSort.plist */,
				136175B61FAEC64100EE2B3E /* types.plist */,
			);
			path = Resource;
			sourceTree = "<group>";
		};
		137F23961FB706EC00C779EB /* Protocol */ = {
			isa = PBXGroup;
			children = (
				137F23971FB7072400C779EB /* EmitterAnimation.swift */,
				1399557A1FB744C60031AFF4 /* NibLoadable.swift */,
			);
			path = Protocol;
			sourceTree = "<group>";
		};
		1388B2341FBDE75E00DF7E3C /* GiftView */ = {
			isa = PBXGroup;
			children = (
				1388B2351FBDE7D200DF7E3C /* GiftListView.swift */,
				1388B2371FBDE88B00DF7E3C /* GiftListView.xib */,
				13F0834F1FBDFE8200AD358C /* GiftViewCell.swift */,
				13F083501FBDFE8200AD358C /* GiftViewCell.xib */,
			);
			path = GiftView;
			sourceTree = "<group>";
		};
		13CE3DBB1FAC5EC40049D1AB /* SwiftPageView */ = {
			isa = PBXGroup;
			children = (
				13CE3DBC1FAC5EC40049D1AB /* ContenerView.swift */,
				13CE3DBD1FAC5EC40049D1AB /* ContentView.swift */,
				13CE3DBE1FAC5EC40049D1AB /* TitleStyle.swift */,
				13CE3DBF1FAC5EC40049D1AB /* TitleView.swift */,
				1346D9621FBD421C00B288A4 /* PageCollectionView.swift */,
				1336DB0D1FBC8BCB00595E63 /* PageCollectionViewLayout.swift */,
				13CE3DC51FAC5EF60049D1AB /* WaterfallLayout.swift */,
			);
			path = SwiftPageView;
			sourceTree = "<group>";
		};
		13CE3DC41FAC5EDC0049D1AB /* Other */ = {
			isa = PBXGroup;
			children = (
				1352E9DB1FAD8E62004DFA15 /* HomeViewModel.swift */,
			);
			path = Other;
			sourceTree = "<group>";
		};
		13CE3DC71FAC5F020049D1AB /* Controller */ = {
			isa = PBXGroup;
			children = (
				134F6ED01FA5B016007B449D /* Home.storyboard */,
				13FD8B311FA6D0F700227847 /* HomeViewController.swift */,
				136175AF1FAEB48900EE2B3E /* AnchorViewController.swift */,
			);
			path = Controller;
			sourceTree = "<group>";
		};
		13CE3DC91FAC5F150049D1AB /* View */ = {
			isa = PBXGroup;
			children = (
				136175B11FAEB8F100EE2B3E /* HomeViewCell.swift */,
				136175B21FAEB8F100EE2B3E /* HomeViewCell.xib */,
			);
			path = View;
			sourceTree = "<group>";
		};
		13CE3DCA1FAC69460049D1AB /* Common */ = {
			isa = PBXGroup;
			children = (
				13CE3DCB1FAC69780049D1AB /* File.swift */,
			);
			path = Common;
			sourceTree = "<group>";
		};
		13CE3DCD1FAC69F10049D1AB /* Controller */ = {
			isa = PBXGroup;
			children = (
				134F6EB71FA5AA0C007B449D /* Main.storyboard */,
				13E321861FA5BB800094AF4C /* MainViewController.swift */,
				13FD8B371FA6D20900227847 /* BRNavigationController.swift */,
			);
			path = Controller;
			sourceTree = "<group>";
		};
		13CE3DE11FAC7EE80049D1AB /* Model */ = {
			isa = PBXGroup;
			children = (
				13CE3DE21FAC7F110049D1AB /* HomeType.swift */,
				13CE3DE71FAC7F4E0049D1AB /* AnchorModel.swift */,
			);
			path = Model;
			sourceTree = "<group>";
		};
		13CE3DE41FAC7F2F0049D1AB /* Model */ = {
			isa = PBXGroup;
			children = (
				13CE3DE51FAC7F2F0049D1AB /* BaseModel.swift */,
			);
			path = Model;
			sourceTree = "<group>";
		};
		13FD8B391FA6D8E900227847 /* Extension */ = {
			isa = PBXGroup;
			children = (
				13CE3DCE1FAC6A6C0049D1AB /* NSDate+Extention.swift */,
				13FD8B3A1FA6D92E00227847 /* UIColor+Extension.swift */,
			);
			path = Extension;
			sourceTree = "<group>";
		};
		BE0E7464B23F7F250D5E5CBB /* Frameworks */ = {
			isa = PBXGroup;
			children = (
				03D332F555614B3289B8A151 /* Pods_ZBLX.framework */,
			);
			name = Frameworks;
			sourceTree = "<group>";
		};
/* End PBXGroup section */

/* Begin PBXNativeTarget section */
		134F6EAF1FA5AA0C007B449D /* ZBLX */ = {
			isa = PBXNativeTarget;
			buildConfigurationList = 134F6EC21FA5AA0C007B449D /* Build configuration list for PBXNativeTarget "ZBLX" */;
			buildPhases = (
				0679E7E2886EF324BA530585 /* [CP] Check Pods Manifest.lock */,
				134F6EAC1FA5AA0C007B449D /* Sources */,
				134F6EAD1FA5AA0C007B449D /* Frameworks */,
				134F6EAE1FA5AA0C007B449D /* Resources */,
				C93DB950D4DA42A38A2AA173 /* [CP] Embed Pods Frameworks */,
				E40139A36329C1BFC26A6977 /* [CP] Copy Pods Resources */,
			);
			buildRules = (
			);
			dependencies = (
			);
			name = ZBLX;
			productName = ZBLX;
			productReference = 134F6EB01FA5AA0C007B449D /* ZBLX.app */;
			productType = "com.apple.product-type.application";
		};
/* End PBXNativeTarget section */

/* Begin PBXProject section */
		134F6EA81FA5AA0C007B449D /* Project object */ = {
			isa = PBXProject;
			attributes = {
				LastSwiftUpdateCheck = 0900;
				LastUpgradeCheck = 0900;
				ORGANIZATIONNAME = BR_buren1111;
				TargetAttributes = {
					134F6EAF1FA5AA0C007B449D = {
						CreatedOnToolsVersion = 9.0.1;
						LastSwiftMigration = 0910;
						ProvisioningStyle = Automatic;
					};
				};
			};
			buildConfigurationList = 134F6EAB1FA5AA0C007B449D /* Build configuration list for PBXProject "ZBLX" */;
			compatibilityVersion = "Xcode 8.0";
			developmentRegion = en;
			hasScannedForEncodings = 0;
			knownRegions = (
				en,
				Base,
			);
			mainGroup = 134F6EA71FA5AA0C007B449D;
			productRefGroup = 134F6EB11FA5AA0C007B449D /* Products */;
			projectDirPath = "";
			projectRoot = "";
			targets = (
				134F6EAF1FA5AA0C007B449D /* ZBLX */,
			);
		};
/* End PBXProject section */

/* Begin PBXResourcesBuildPhase section */
		134F6EAE1FA5AA0C007B449D /* Resources */ = {
			isa = PBXResourcesBuildPhase;
			buildActionMask = 2147483647;
			files = (
				1346D9601FBD419800B288A4 /* QHSohuGifSort.plist in Resources */,
				134F6ED41FA5B034007B449D /* Rank.storyboard in Resources */,
				134F6EBE1FA5AA0C007B449D /* LaunchScreen.storyboard in Resources */,
				134F6EBB1FA5AA0C007B449D /* Assets.xcassets in Resources */,
				136175B71FAEC64100EE2B3E /* types.plist in Resources */,
				134F6EB91FA5AA0C007B449D /* Main.storyboard in Resources */,
				13F083521FBDFE8200AD358C /* GiftViewCell.xib in Resources */,
				1388B2381FBDE88B00DF7E3C /* GiftListView.xib in Resources */,
				134AD5931FB57D7A0040DEAE /* RoomViewController.xib in Resources */,
				1346D9671FBD428B00B288A4 /* ChatToolsView.xib in Resources */,
				134F6ED21FA5B016007B449D /* Home.storyboard in Resources */,
				1346D9611FBD419800B288A4 /* QHNormalEmotionSort.plist in Resources */,
				1346D96C1FBD447300B288A4 /* EmoticonViewCell.xib in Resources */,
				136175B41FAEB8F100EE2B3E /* HomeViewCell.xib in Resources */,
				13FD8B301FA6CFAA00227847 /* Profile.storyboard in Resources */,
				134F6ED71FA5B062007B449D /* Discover.storyboard in Resources */,
			);
			runOnlyForDeploymentPostprocessing = 0;
		};
/* End PBXResourcesBuildPhase section */

/* Begin PBXShellScriptBuildPhase section */
		0679E7E2886EF324BA530585 /* [CP] Check Pods Manifest.lock */ = {
			isa = PBXShellScriptBuildPhase;
			buildActionMask = 2147483647;
			files = (
			);
			inputPaths = (
				"${PODS_PODFILE_DIR_PATH}/Podfile.lock",
				"${PODS_ROOT}/Manifest.lock",
			);
			name = "[CP] Check Pods Manifest.lock";
			outputPaths = (
				"$(DERIVED_FILE_DIR)/Pods-ZBLX-checkManifestLockResult.txt",
			);
			runOnlyForDeploymentPostprocessing = 0;
			shellPath = /bin/sh;
			shellScript = "diff \"${PODS_PODFILE_DIR_PATH}/Podfile.lock\" \"${PODS_ROOT}/Manifest.lock\" > /dev/null\nif [ $? != 0 ] ; then\n    # print error to STDERR\n    echo \"error: The sandbox is not in sync with the Podfile.lock. Run 'pod install' or update your CocoaPods installation.\" >&2\n    exit 1\nfi\n# This output is used by Xcode 'outputs' to avoid re-running this script phase.\necho \"SUCCESS\" > \"${SCRIPT_OUTPUT_FILE_0}\"\n";
			showEnvVarsInLog = 0;
		};
		C93DB950D4DA42A38A2AA173 /* [CP] Embed Pods Frameworks */ = {
			isa = PBXShellScriptBuildPhase;
			buildActionMask = 2147483647;
			files = (
			);
			inputPaths = (
				"${SRCROOT}/Pods/Target Support Files/Pods-ZBLX/Pods-ZBLX-frameworks.sh",
				"${BUILT_PRODUCTS_DIR}/Alamofire/Alamofire.framework",
				"${BUILT_PRODUCTS_DIR}/Kingfisher/Kingfisher.framework",
				"${BUILT_PRODUCTS_DIR}/ProtocolBuffers-Swift/ProtocolBuffers.framework",
				"${BUILT_PRODUCTS_DIR}/SwiftSocket/SwiftSocket.framework",
			);
			name = "[CP] Embed Pods Frameworks";
			outputPaths = (
				"${TARGET_BUILD_DIR}/${FRAMEWORKS_FOLDER_PATH}/Alamofire.framework",
				"${TARGET_BUILD_DIR}/${FRAMEWORKS_FOLDER_PATH}/Kingfisher.framework",
				"${TARGET_BUILD_DIR}/${FRAMEWORKS_FOLDER_PATH}/ProtocolBuffers.framework",
				"${TARGET_BUILD_DIR}/${FRAMEWORKS_FOLDER_PATH}/SwiftSocket.framework",
			);
			runOnlyForDeploymentPostprocessing = 0;
			shellPath = /bin/sh;
			shellScript = "\"${SRCROOT}/Pods/Target Support Files/Pods-ZBLX/Pods-ZBLX-frameworks.sh\"\n";
			showEnvVarsInLog = 0;
		};
		E40139A36329C1BFC26A6977 /* [CP] Copy Pods Resources */ = {
			isa = PBXShellScriptBuildPhase;
			buildActionMask = 2147483647;
			files = (
			);
			inputPaths = (
			);
			name = "[CP] Copy Pods Resources";
			outputPaths = (
			);
			runOnlyForDeploymentPostprocessing = 0;
			shellPath = /bin/sh;
			shellScript = "\"${SRCROOT}/Pods/Target Support Files/Pods-ZBLX/Pods-ZBLX-resources.sh\"\n";
			showEnvVarsInLog = 0;
		};
/* End PBXShellScriptBuildPhase section */

/* Begin PBXSourcesBuildPhase section */
		134F6EAC1FA5AA0C007B449D /* Sources */ = {
			isa = PBXSourcesBuildPhase;
			buildActionMask = 2147483647;
			files = (
				1352E9D81FAD8A55004DFA15 /* NetWorkTools.swift in Sources */,
				13FD8B341FA6D19F00227847 /* RankViewController.swift in Sources */,
				1346D96B1FBD447300B288A4 /* EmoticonViewCell.swift in Sources */,
				13E321871FA5BB800094AF4C /* MainViewController.swift in Sources */,
				134F6EB61FA5AA0C007B449D /* ViewController.swift in Sources */,
				13FD8B361FA6D1C900227847 /* DiscoverViewController.swift in Sources */,
				1346D9901FBD747B00B288A4 /* EmoticonView.swift in Sources */,
				1346D9921FBD759500B288A4 /* Emoticon.swift in Sources */,
				137F23981FB7072400C779EB /* EmitterAnimation.swift in Sources */,
				13CE3DE31FAC7F110049D1AB /* HomeType.swift in Sources */,
				134F6EB41FA5AA0C007B449D /* AppDelegate.swift in Sources */,
				13FD8B321FA6D0F700227847 /* HomeViewController.swift in Sources */,
				13CE3DC21FAC5EC40049D1AB /* TitleStyle.swift in Sources */,
				13CE3DC61FAC5EF60049D1AB /* WaterfallLayout.swift in Sources */,
				1388B2361FBDE7D200DF7E3C /* GiftListView.swift in Sources */,
				1336DB0E1FBC8BCB00595E63 /* PageCollectionViewLayout.swift in Sources */,
				1399557B1FB744C60031AFF4 /* NibLoadable.swift in Sources */,
				13CE3DC11FAC5EC40049D1AB /* ContentView.swift in Sources */,
				1346D9941FBD761300B288A4 /* EnmticonPackage.swift in Sources */,
				136175B01FAEB48900EE2B3E /* AnchorViewController.swift in Sources */,
				1346D9631FBD421C00B288A4 /* PageCollectionView.swift in Sources */,
				1346D9651FBD427E00B288A4 /* ChatToolsView.swift in Sources */,
				1352E9DA1FAD8A78004DFA15 /* KingfisherExtension.swift in Sources */,
				13CE3DCF1FAC6A6C0049D1AB /* NSDate+Extention.swift in Sources */,
				13CE3DE61FAC7F2F0049D1AB /* BaseModel.swift in Sources */,
				134AD5911FB57D630040DEAE /* RoomViewController.swift in Sources */,
				13CE3DCC1FAC69780049D1AB /* File.swift in Sources */,
				1346D9971FBD782000B288A4 /* EmoticonViewModel.swift in Sources */,
				13CE3DC01FAC5EC40049D1AB /* ContenerView.swift in Sources */,
				1352E9DC1FAD8E62004DFA15 /* HomeViewModel.swift in Sources */,
				136175B31FAEB8F100EE2B3E /* HomeViewCell.swift in Sources */,
				13FD8B381FA6D20900227847 /* BRNavigationController.swift in Sources */,
				13F0834C1FBDF2E600AD358C /* GiftModel.swift in Sources */,
				13F083511FBDFE8200AD358C /* GiftViewCell.swift in Sources */,
				13F0834A1FBDF2B900AD358C /* GiftViewModel.swift in Sources */,
				13F0834E1FBDF30200AD358C /* GiftPackage.swift in Sources */,
				13FD8B3B1FA6D92E00227847 /* UIColor+Extension.swift in Sources */,
				13CE3DE81FAC7F4E0049D1AB /* AnchorModel.swift in Sources */,
				13CE3DC31FAC5EC40049D1AB /* TitleView.swift in Sources */,
			);
			runOnlyForDeploymentPostprocessing = 0;
		};
/* End PBXSourcesBuildPhase section */

/* Begin PBXVariantGroup section */
		134F6EB71FA5AA0C007B449D /* Main.storyboard */ = {
			isa = PBXVariantGroup;
			children = (
				134F6EB81FA5AA0C007B449D /* Base */,
			);
			name = Main.storyboard;
			sourceTree = "<group>";
		};
		134F6EBC1FA5AA0C007B449D /* LaunchScreen.storyboard */ = {
			isa = PBXVariantGroup;
			children = (
				134F6EBD1FA5AA0C007B449D /* Base */,
			);
			name = LaunchScreen.storyboard;
			sourceTree = "<group>";
		};
		134F6ED01FA5B016007B449D /* Home.storyboard */ = {
			isa = PBXVariantGroup;
			children = (
				134F6ED11FA5B016007B449D /* Base */,
			);
			name = Home.storyboard;
			sourceTree = "<group>";
		};
		134F6ED51FA5B062007B449D /* Discover.storyboard */ = {
			isa = PBXVariantGroup;
			children = (
				134F6ED61FA5B062007B449D /* Base */,
			);
			name = Discover.storyboard;
			sourceTree = "<group>";
		};
		13FD8B2E1FA6CFAA00227847 /* Profile.storyboard */ = {
			isa = PBXVariantGroup;
			children = (
				13FD8B2F1FA6CFAA00227847 /* Base */,
			);
			name = Profile.storyboard;
			sourceTree = "<group>";
		};
/* End PBXVariantGroup section */

/* Begin XCBuildConfiguration section */
		134F6EC01FA5AA0C007B449D /* Debug */ = {
			isa = XCBuildConfiguration;
			buildSettings = {
				ALWAYS_SEARCH_USER_PATHS = NO;
				CLANG_ANALYZER_NONNULL = YES;
				CLANG_ANALYZER_NUMBER_OBJECT_CONVERSION = YES_AGGRESSIVE;
				CLANG_CXX_LANGUAGE_STANDARD = "gnu++14";
				CLANG_CXX_LIBRARY = "libc++";
				CLANG_ENABLE_MODULES = YES;
				CLANG_ENABLE_OBJC_ARC = YES;
				CLANG_WARN_BLOCK_CAPTURE_AUTORELEASING = YES;
				CLANG_WARN_BOOL_CONVERSION = YES;
				CLANG_WARN_COMMA = YES;
				CLANG_WARN_CONSTANT_CONVERSION = YES;
				CLANG_WARN_DIRECT_OBJC_ISA_USAGE = YES_ERROR;
				CLANG_WARN_DOCUMENTATION_COMMENTS = YES;
				CLANG_WARN_EMPTY_BODY = YES;
				CLANG_WARN_ENUM_CONVERSION = YES;
				CLANG_WARN_INFINITE_RECURSION = YES;
				CLANG_WARN_INT_CONVERSION = YES;
				CLANG_WARN_NON_LITERAL_NULL_CONVERSION = YES;
				CLANG_WARN_OBJC_LITERAL_CONVERSION = YES;
				CLANG_WARN_OBJC_ROOT_CLASS = YES_ERROR;
				CLANG_WARN_RANGE_LOOP_ANALYSIS = YES;
				CLANG_WARN_STRICT_PROTOTYPES = YES;
				CLANG_WARN_SUSPICIOUS_MOVE = YES;
				CLANG_WARN_UNGUARDED_AVAILABILITY = YES_AGGRESSIVE;
				CLANG_WARN_UNREACHABLE_CODE = YES;
				CLANG_WARN__DUPLICATE_METHOD_MATCH = YES;
				CODE_SIGN_IDENTITY = "iPhone Developer";
				COPY_PHASE_STRIP = NO;
				DEBUG_INFORMATION_FORMAT = dwarf;
				ENABLE_STRICT_OBJC_MSGSEND = YES;
				ENABLE_TESTABILITY = YES;
				GCC_C_LANGUAGE_STANDARD = gnu11;
				GCC_DYNAMIC_NO_PIC = NO;
				GCC_NO_COMMON_BLOCKS = YES;
				GCC_OPTIMIZATION_LEVEL = 0;
				GCC_PREPROCESSOR_DEFINITIONS = (
					"DEBUG=1",
					"$(inherited)",
				);
				GCC_WARN_64_TO_32_BIT_CONVERSION = YES;
				GCC_WARN_ABOUT_RETURN_TYPE = YES_ERROR;
				GCC_WARN_UNDECLARED_SELECTOR = YES;
				GCC_WARN_UNINITIALIZED_AUTOS = YES_AGGRESSIVE;
				GCC_WARN_UNUSED_FUNCTION = YES;
				GCC_WARN_UNUSED_VARIABLE = YES;
				IPHONEOS_DEPLOYMENT_TARGET = 9.0;
				MTL_ENABLE_DEBUG_INFO = YES;
				ONLY_ACTIVE_ARCH = YES;
				SDKROOT = iphoneos;
				SWIFT_ACTIVE_COMPILATION_CONDITIONS = DEBUG;
				SWIFT_OPTIMIZATION_LEVEL = "-Onone";
			};
			name = Debug;
		};
		134F6EC11FA5AA0C007B449D /* Release */ = {
			isa = XCBuildConfiguration;
			buildSettings = {
				ALWAYS_SEARCH_USER_PATHS = NO;
				CLANG_ANALYZER_NONNULL = YES;
				CLANG_ANALYZER_NUMBER_OBJECT_CONVERSION = YES_AGGRESSIVE;
				CLANG_CXX_LANGUAGE_STANDARD = "gnu++14";
				CLANG_CXX_LIBRARY = "libc++";
				CLANG_ENABLE_MODULES = YES;
				CLANG_ENABLE_OBJC_ARC = YES;
				CLANG_WARN_BLOCK_CAPTURE_AUTORELEASING = YES;
				CLANG_WARN_BOOL_CONVERSION = YES;
				CLANG_WARN_COMMA = YES;
				CLANG_WARN_CONSTANT_CONVERSION = YES;
				CLANG_WARN_DIRECT_OBJC_ISA_USAGE = YES_ERROR;
				CLANG_WARN_DOCUMENTATION_COMMENTS = YES;
				CLANG_WARN_EMPTY_BODY = YES;
				CLANG_WARN_ENUM_CONVERSION = YES;
				CLANG_WARN_INFINITE_RECURSION = YES;
				CLANG_WARN_INT_CONVERSION = YES;
				CLANG_WARN_NON_LITERAL_NULL_CONVERSION = YES;
				CLANG_WARN_OBJC_LITERAL_CONVERSION = YES;
				CLANG_WARN_OBJC_ROOT_CLASS = YES_ERROR;
				CLANG_WARN_RANGE_LOOP_ANALYSIS = YES;
				CLANG_WARN_STRICT_PROTOTYPES = YES;
				CLANG_WARN_SUSPICIOUS_MOVE = YES;
				CLANG_WARN_UNGUARDED_AVAILABILITY = YES_AGGRESSIVE;
				CLANG_WARN_UNREACHABLE_CODE = YES;
				CLANG_WARN__DUPLICATE_METHOD_MATCH = YES;
				CODE_SIGN_IDENTITY = "iPhone Developer";
				COPY_PHASE_STRIP = NO;
				DEBUG_INFORMATION_FORMAT = "dwarf-with-dsym";
				ENABLE_NS_ASSERTIONS = NO;
				ENABLE_STRICT_OBJC_MSGSEND = YES;
				GCC_C_LANGUAGE_STANDARD = gnu11;
				GCC_NO_COMMON_BLOCKS = YES;
				GCC_WARN_64_TO_32_BIT_CONVERSION = YES;
				GCC_WARN_ABOUT_RETURN_TYPE = YES_ERROR;
				GCC_WARN_UNDECLARED_SELECTOR = YES;
				GCC_WARN_UNINITIALIZED_AUTOS = YES_AGGRESSIVE;
				GCC_WARN_UNUSED_FUNCTION = YES;
				GCC_WARN_UNUSED_VARIABLE = YES;
				IPHONEOS_DEPLOYMENT_TARGET = 9.0;
				MTL_ENABLE_DEBUG_INFO = NO;
				SDKROOT = iphoneos;
				SWIFT_OPTIMIZATION_LEVEL = "-Owholemodule";
				VALIDATE_PRODUCT = YES;
			};
			name = Release;
		};
		134F6EC31FA5AA0C007B449D /* Debug */ = {
			isa = XCBuildConfiguration;
			baseConfigurationReference = 811CB357880C6F5EB087882A /* Pods-ZBLX.debug.xcconfig */;
			buildSettings = {
				ASSETCATALOG_COMPILER_APPICON_NAME = AppIcon;
				ASSETCATALOG_COMPILER_LAUNCHIMAGE_NAME = LaunchImage;
				CODE_SIGN_STYLE = Automatic;
				DEVELOPMENT_TEAM = MZ5JCT3TWV;
				INFOPLIST_FILE = ZBLX/Info.plist;
				IPHONEOS_DEPLOYMENT_TARGET = 11.1;
				LD_RUNPATH_SEARCH_PATHS = "$(inherited) @executable_path/Frameworks";
				PRODUCT_BUNDLE_IDENTIFIER = "BR-buren.ZBLX";
				PRODUCT_NAME = "$(TARGET_NAME)";
				SWIFT_VERSION = 3.0;
				TARGETED_DEVICE_FAMILY = 1;
			};
			name = Debug;
		};
		134F6EC41FA5AA0C007B449D /* Release */ = {
			isa = XCBuildConfiguration;
			baseConfigurationReference = 0036FFFF3897BB731FA305F0 /* Pods-ZBLX.release.xcconfig */;
			buildSettings = {
				ASSETCATALOG_COMPILER_APPICON_NAME = AppIcon;
				ASSETCATALOG_COMPILER_LAUNCHIMAGE_NAME = LaunchImage;
				CODE_SIGN_STYLE = Automatic;
				DEVELOPMENT_TEAM = MZ5JCT3TWV;
				INFOPLIST_FILE = ZBLX/Info.plist;
				IPHONEOS_DEPLOYMENT_TARGET = 11.1;
				LD_RUNPATH_SEARCH_PATHS = "$(inherited) @executable_path/Frameworks";
				PRODUCT_BUNDLE_IDENTIFIER = "BR-buren.ZBLX";
				PRODUCT_NAME = "$(TARGET_NAME)";
				SWIFT_VERSION = 3.0;
				TARGETED_DEVICE_FAMILY = 1;
			};
			name = Release;
		};
/* End XCBuildConfiguration section */

/* Begin XCConfigurationList section */
		134F6EAB1FA5AA0C007B449D /* Build configuration list for PBXProject "ZBLX" */ = {
			isa = XCConfigurationList;
			buildConfigurations = (
				134F6EC01FA5AA0C007B449D /* Debug */,
				134F6EC11FA5AA0C007B449D /* Release */,
			);
			defaultConfigurationIsVisible = 0;
			defaultConfigurationName = Release;
		};
		134F6EC21FA5AA0C007B449D /* Build configuration list for PBXNativeTarget "ZBLX" */ = {
			isa = XCConfigurationList;
			buildConfigurations = (
				134F6EC31FA5AA0C007B449D /* Debug */,
				134F6EC41FA5AA0C007B449D /* Release */,
			);
			defaultConfigurationIsVisible = 0;
			defaultConfigurationName = Release;
		};
/* End XCConfigurationList section */
	};
	rootObject = 134F6EA81FA5AA0C007B449D /* Project object */;
}
